
Microsoft Visual Studio Solution File, Format Version 12.00
# Visual Studio 14
VisualStudioVersion = 14.0.25123.0
MinimumVisualStudioVersion = 10.0.40219.1
Project("{FAE04EC0-301F-11D3-BF4B-00C04F79EFBC}") = "WebDemoUNAM", "WebDemoUNAM\WebDemoUNAM.csproj", "{F96B0FBB-63C0-4AA6-82D5-6A853EF3542E}"
EndProject
Global
	GlobalSection(SolutionConfigurationPlatforms) = preSolution
		Debug|Any CPU = Debug|Any CPU
		Release|Any CPU = Release|Any CPU
	EndGlobalSection
	GlobalSection(ProjectConfigurationPlatforms) = postSolution
		{F96B0FBB-63C0-4AA6-82D5-6A853EF3542E}.Debug|Any CPU.ActiveCfg = Debug|Any CPU
		{F96B0FBB-63C0-4AA6-82D5-6A853EF3542E}.Debug|Any CPU.Build.0 = Debug|Any CPU
		{F96B0FBB-63C0-4AA6-82D5-6A853EF3542E}.Release|Any CPU.ActiveCfg = Release|Any CPU
		{F96B0FBB-63C0-4AA6-82D5-6A853EF3542E}.Release|Any CPU.Build.0 = Release|Any CPU
	EndGlobalSection
	GlobalSection(SolutionProperties) = preSolution
		HideSolutionNode = FALSE
	EndGlobalSection
EndGlobal
